# THIS IS AN AUTOGENERATED FILE. DO NOT EDIT THIS FILE DIRECTLY.
# yarn lockfile v1


ansi-styles@^3.2.1:
  version "3.2.1"
  resolved "https://registry.yarnpkg.com/ansi-styles/-/ansi-styles-3.2.1.tgz#41fbb20243e50b12be0f04b8dedbf07520ce841d"
  integrity sha512-VT0ZI6kZRdTh8YyJw3SMbYm/u+NqfsAxEpWO0Pf9sq8/e94WxxOpPKx9FR1FlyCtOVDNOQ+8ntlqFxiRc+r5qA==
  dependencies:
    color-convert "^1.9.0"

at-least-node@^1.0.0:
  version "1.0.0"
  resolved "https://registry.yarnpkg.com/at-least-node/-/at-least-node-1.0.0.tgz#602cd4b46e844ad4effc92a8011a3c46e0238dc2"
  integrity sha512-+q/t7Ekv1EDY2l6Gda6LLiX14rU9TV20Wa3ofeQmwPFZbOMo9DXrLbOjFaaclkXKWidIaopwAObQDqwWtGUjqg==

aws-sdk@^2.720.0:
  version "2.720.0"
  resolved "https://registry.yarnpkg.com/aws-sdk/-/aws-sdk-2.720.0.tgz#b834adc6b7458c41621f8e2169602c69c655f504"
  integrity sha512-899YXs6iWae82GGJM95S5MFBPIG8pE9aq+GlSr47mz7te97hGX0OcjPs3GuGZWA6Nrp0MCR9eMqu6DwBlYGltA==
  dependencies:
    buffer "4.9.2"
    events "1.1.1"
    ieee754 "1.1.13"
    jmespath "0.15.0"
    querystring "0.2.0"
    sax "1.2.1"
    url "0.10.3"
    uuid "3.3.2"
    xml2js "0.4.19"

base64-js@^1.0.2:
  version "1.3.1"
  resolved "https://registry.yarnpkg.com/base64-js/-/base64-js-1.3.1.tgz#58ece8cb75dd07e71ed08c736abc5fac4dbf8df1"
  integrity sha512-mLQ4i2QO1ytvGWFWmcngKO//JXAQueZvwEKtjgQFM4jIK0kU+ytMfplL8j+n5mspOfjHwoAg+9yhb7BwAHm36g==

buffer@4.9.2:
  version "4.9.2"
  resolved "https://registry.yarnpkg.com/buffer/-/buffer-4.9.2.tgz#230ead344002988644841ab0244af8c44bbe3ef8"
  integrity sha512-xq+q3SRMOxGivLhBNaUdC64hDTQwejJ+H0T/NB1XMtTVEwNTrfFF3gAxiyW0Bu/xWEGhjVKgUcMhCrUy2+uCWg==
  dependencies:
    base64-js "^1.0.2"
    ieee754 "^1.1.4"
    isarray "^1.0.0"

bytes@^3.0.0:
  version "3.1.0"
  resolved "https://registry.yarnpkg.com/bytes/-/bytes-3.1.0.tgz#f6cf7933a360e0588fa9fde85651cdc7f805d1f6"
  integrity sha512-zauLjrfCG+xvoyaqLoV8bLVXXNGC4JqlxFCutSDWA6fJrTo2ZuvLYTqZ7aHBLZSMOopbzwv8f+wZcVzfVTI2Dg==

chalk@^2.4.1:
  version "2.4.2"
  resolved "https://registry.yarnpkg.com/chalk/-/chalk-2.4.2.tgz#cd42541677a54333cf541a49108c1432b44c9424"
  integrity sha512-Mti+f9lpJNcwF4tWV8/OrTTtF1gZi+f8FqlyAdouralcFWFQWF2+NgCHShjkCb+IFBLq9buZwE1xckQU4peSuQ==
  dependencies:
    ansi-styles "^3.2.1"
    escape-string-regexp "^1.0.5"
    supports-color "^5.3.0"

color-convert@^1.9.0:
  version "1.9.3"
  resolved "https://registry.yarnpkg.com/color-convert/-/color-convert-1.9.3.tgz#bb71850690e1f136567de629d2d5471deda4c1e8"
  integrity sha512-QfAUtd+vFdAtFQcC8CCyYt1fYWxSqAiK2cSD6zDB8N3cpsEBAvRxp9zOGg6G/SHHJYAT88/az/IuDGALsNVbGg==
  dependencies:
    color-name "1.1.3"

color-name@1.1.3:
  version "1.1.3"
  resolved "https://registry.yarnpkg.com/color-name/-/color-name-1.1.3.tgz#a7d0558bd89c42f795dd42328f740831ca53bc25"
  integrity sha1-p9BVi9icQveV3UIyj3QIMcpTvCU=

css-color-names@0.0.1:
  version "0.0.1"
  resolved "https://registry.yarnpkg.com/css-color-names/-/css-color-names-0.0.1.tgz#5d0548fa256456ede4a9a0c2ac7ab19d3eb1ad81"
  integrity sha1-XQVI+iVkVu3kqaDCrHqxnT6xrYE=

css-selector-tokenizer@^0.7.0:
  version "0.7.2"
  resolved "https://registry.yarnpkg.com/css-selector-tokenizer/-/css-selector-tokenizer-0.7.2.tgz#11e5e27c9a48d90284f22d45061c303d7a25ad87"
  integrity sha512-yj856NGuAymN6r8bn8/Jl46pR+OC3eEvAhfGYDUe7YPtTPAYrSSw4oAniZ9Y8T5B92hjhwTBLUen0/vKPxf6pw==
  dependencies:
    cssesc "^3.0.0"
    fastparse "^1.1.2"
    regexpu-core "^4.6.0"

css-shorthand-expand@^1.1.0:
  version "1.2.0"
  resolved "https://registry.yarnpkg.com/css-shorthand-expand/-/css-shorthand-expand-1.2.0.tgz#bd6ac8d79f99928581eaca9fe05a03d316d17fe5"
  integrity sha512-L3RS1VNYuXgMOfVGX4WzP9AFK6KL0JuioSoO8661egEac2eHX9/s4yFO8mgK6QEtm8UmU8IvuKzPgdQpU0DhpQ==
  dependencies:
    css-color-names "0.0.1"
    css-url-regex "0.0.1"
    hex-color-regex "^1.0.1"
    hsl-regex "^1.0.0"
    hsla-regex "^1.0.0"
    map-obj "^1.0.0"
    repeat-element "^1.1.0"
    rgb-regex "^1.0.1"
    rgba-regex "^1.0.0"
    xtend "^4.0.0"

css-shorthand-properties@^1.0.0:
  version "1.1.1"
  resolved "https://registry.yarnpkg.com/css-shorthand-properties/-/css-shorthand-properties-1.1.1.tgz#1c808e63553c283f289f2dd56fcee8f3337bd935"
  integrity sha512-Md+Juc7M3uOdbAFwOYlTrccIZ7oCFuzrhKYQjdeUEW/sE1hv17Jp/Bws+ReOPpGVBTYCBoYo+G17V5Qo8QQ75A==

css-url-regex@0.0.1:
  version "0.0.1"
  resolved "https://registry.yarnpkg.com/css-url-regex/-/css-url-regex-0.0.1.tgz#e05af8c6c290d451ef1632b455ea5c81b4b1395c"
  integrity sha1-4Fr4xsKQ1FHvFjK0VepcgbSxOVw=

cssesc@^3.0.0:
  version "3.0.0"
  resolved "https://registry.yarnpkg.com/cssesc/-/cssesc-3.0.0.tgz#37741919903b868565e1c09ea747445cd18983ee"
  integrity sha512-/Tb/JcjK111nNScGob5MNtsntNM1aCNUDipB/TkwZFhyDrrE47SOx/18wF2bbjgc3ZzCSKW1T5nt5EbFoAz/Vg==

cssstats@^3.4.1:
  version "3.4.1"
  resolved "https://registry.yarnpkg.com/cssstats/-/cssstats-3.4.1.tgz#d5e5b0e356ed60126ae299e9107b67c96fca9189"
  integrity sha512-j6iBsr9z1DfIKEbZaJSANi4hOq4GN1Ks2zB/MPBYh/9mbqq0wAQ5f474jVkVFbLk8bO6vLM23rE4Dn0F6XAbPw==
  dependencies:
    bytes "^3.0.0"
    css-selector-tokenizer "^0.7.0"
    css-shorthand-expand "^1.1.0"
    gzip-size "^4.1.0"
    has-class-selector "^3.3.1"
    has-element-selector "^3.3.1"
    has-id-selector "^3.3.1"
    has-pseudo-class "^3.3.1"
    has-pseudo-element "^3.3.1"
    is-blank "^2.1.0"
    is-css-shorthand "^1.0.1"
    is-present "^1.0.0"
    is-vendor-prefixed "^3.3.1"
    lodash "^4.17.5"
    postcss "^6.0.21"
    postcss-safe-parser "^3.0.1"
    specificity "^0.3.2"

dotenv@^8.2.0:
  version "8.2.0"
  resolved "https://registry.yarnpkg.com/dotenv/-/dotenv-8.2.0.tgz#97e619259ada750eea3e4ea3e26bceea5424b16a"
  integrity sha512-8sJ78ElpbDJBHNeBzUbUVLsqKdccaa/BXF1uPTw3GrvQTBgrQrtObr2mUrE38vzYd8cEv+m/JBfDLioYcfXoaw==

duplexer@^0.1.1:
  version "0.1.1"
  resolved "https://registry.yarnpkg.com/duplexer/-/duplexer-0.1.1.tgz#ace6ff808c1ce66b57d1ebf97977acb02334cfc1"
  integrity sha1-rOb/gIwc5mtX0ev5eXessCM0z8E=

escape-string-regexp@^1.0.5:
  version "1.0.5"
  resolved "https://registry.yarnpkg.com/escape-string-regexp/-/escape-string-regexp-1.0.5.tgz#1b61c0562190a8dff6ae3bb2cf0200ca130b86d4"
  integrity sha1-G2HAViGQqN/2rjuyzwIAyhMLhtQ=

events@1.1.1:
  version "1.1.1"
  resolved "https://registry.yarnpkg.com/events/-/events-1.1.1.tgz#9ebdb7635ad099c70dcc4c2a1f5004288e8bd924"
  integrity sha1-nr23Y1rQmccNzEwqH1AEKI6L2SQ=

fastparse@^1.1.2:
  version "1.1.2"
  resolved "https://registry.yarnpkg.com/fastparse/-/fastparse-1.1.2.tgz#91728c5a5942eced8531283c79441ee4122c35a9"
  integrity sha512-483XLLxTVIwWK3QTrMGRqUfUpoOs/0hbQrl2oz4J0pAcm3A3bu84wxTFqGqkJzewCLdME38xJLJAxBABfQT8sQ==

fs-extra@^9.0.1:
  version "9.0.1"
  resolved "https://registry.yarnpkg.com/fs-extra/-/fs-extra-9.0.1.tgz#910da0062437ba4c39fedd863f1675ccfefcb9fc"
  integrity sha512-h2iAoN838FqAFJY2/qVpzFXy+EBxfVE220PalAqQLDVsFOHLJrZvut5puAbCdNv6WJk+B8ihI+k0c7JK5erwqQ==
  dependencies:
    at-least-node "^1.0.0"
    graceful-fs "^4.2.0"
    jsonfile "^6.0.1"
    universalify "^1.0.0"

graceful-fs@^4.1.6, graceful-fs@^4.2.0:
  version "4.2.4"
  resolved "https://registry.yarnpkg.com/graceful-fs/-/graceful-fs-4.2.4.tgz#2256bde14d3632958c465ebc96dc467ca07a29fb"
  integrity sha512-WjKPNJF79dtJAVniUlGGWHYGz2jWxT6VhN/4m1NdkbZ2nOsEF+cI1Edgql5zCRhs/VsQYRvrXctxktVXZUkixw==

gzip-size@^4.1.0:
  version "4.1.0"
  resolved "https://registry.yarnpkg.com/gzip-size/-/gzip-size-4.1.0.tgz#8ae096257eabe7d69c45be2b67c448124ffb517c"
  integrity sha1-iuCWJX6r59acRb4rZ8RIEk/7UXw=
  dependencies:
    duplexer "^0.1.1"
    pify "^3.0.0"

has-class-selector@^3.3.1:
  version "3.3.1"
  resolved "https://registry.yarnpkg.com/has-class-selector/-/has-class-selector-3.3.1.tgz#80740e93357bc0b96da42bc1d06e2a8a7d89943f"
  integrity sha512-Gn2FutMyT2HO7Q4UbRrGQbk0HpGXIu1ptZnmPuVuzB3BoQffWVKzA+jV0Yxw3fxtuvuKbhJYJnGHrAMPFcuGow==

has-element-selector@^3.3.1:
  version "3.3.1"
  resolved "https://registry.yarnpkg.com/has-element-selector/-/has-element-selector-3.3.1.tgz#2be3ac9c6d9048e9ccc4f95bcd9d7b80a61101c5"
  integrity sha512-F0i77HehrvTV0U4t+Av8Pcgl3rrrfoZg8WCkvCuQNRWKjuUveEbiePwoMpqe2CXwd9Bc0C2Es0wvUbhIjh+kDw==
  dependencies:
    css-selector-tokenizer "^0.7.0"

has-flag@^3.0.0:
  version "3.0.0"
  resolved "https://registry.yarnpkg.com/has-flag/-/has-flag-3.0.0.tgz#b5d454dc2199ae225699f3467e5a07f3b955bafd"
  integrity sha1-tdRU3CGZriJWmfNGfloH87lVuv0=

has-id-selector@^3.3.1:
  version "3.3.1"
  resolved "https://registry.yarnpkg.com/has-id-selector/-/has-id-selector-3.3.1.tgz#a3e76cc1655157d495d368168752d67a261c8ebe"
  integrity sha512-Vhqzp4R/W15MPXpftmcAl0NQVbdh9XdKvT5OLybrz80nLfzcP/L0Qk6rLzzTcp3gr2w16O1cCVcgQCyMSirgFg==

has-pseudo-class@^3.3.1:
  version "3.3.1"
  resolved "https://registry.yarnpkg.com/has-pseudo-class/-/has-pseudo-class-3.3.1.tgz#b0513552f54e878b5bc0322a7f8be4a653852406"
  integrity sha512-7qnV9FrqOqoGFfMAWgP08xkF65MGTg4g/Ope/vTyDDq2zFp2gNTT2floDuhwhJ0eVJLnyQm1YYafPnrTEe/OJg==
  dependencies:
    pseudo-classes "1.0.0"

has-pseudo-element@^3.3.1:
  version "3.3.1"
  resolved "https://registry.yarnpkg.com/has-pseudo-element/-/has-pseudo-element-3.3.1.tgz#3f05d6826d2136eb6296c9562cf0ffa06a93adbe"
  integrity sha512-X33R/CkIOPRhgdPpR7ANE+5y9YvBndQVCyO5DVPFVCY3haNHccYjsnck/nhAaXbA5zTQriM1BtdqNI4biYUv+g==
  dependencies:
    pseudo-elements "1.0.0"

hex-color-regex@^1.0.1:
  version "1.1.0"
  resolved "https://registry.yarnpkg.com/hex-color-regex/-/hex-color-regex-1.1.0.tgz#4c06fccb4602fe2602b3c93df82d7e7dbf1a8a8e"
  integrity sha512-l9sfDFsuqtOqKDsQdqrMRk0U85RZc0RtOR9yPI7mRVOa4FsR/BVnZ0shmQRM96Ji99kYZP/7hn1cedc1+ApsTQ==

hsl-regex@^1.0.0:
  version "1.0.0"
  resolved "https://registry.yarnpkg.com/hsl-regex/-/hsl-regex-1.0.0.tgz#d49330c789ed819e276a4c0d272dffa30b18fe6e"
  integrity sha1-1JMwx4ntgZ4nakwNJy3/owsY/m4=

hsla-regex@^1.0.0:
  version "1.0.0"
  resolved "https://registry.yarnpkg.com/hsla-regex/-/hsla-regex-1.0.0.tgz#c1ce7a3168c8c6614033a4b5f7877f3b225f9c38"
  integrity sha1-wc56MWjIxmFAM6S194d/OyJfnDg=

ieee754@1.1.13, ieee754@^1.1.4:
  version "1.1.13"
  resolved "https://registry.yarnpkg.com/ieee754/-/ieee754-1.1.13.tgz#ec168558e95aa181fd87d37f55c32bbcb6708b84"
  integrity sha512-4vf7I2LYV/HaWerSo3XmlMkp5eZ83i+/CDluXi/IGTs/O1sejBNhTtnxzmRZfvOUqj7lZjqHkeTvpgSFDlWZTg==

is-blank@1.0.0:
  version "1.0.0"
  resolved "https://registry.yarnpkg.com/is-blank/-/is-blank-1.0.0.tgz#60e39beb41f92c3b27acbb5029cb0f29f983ee67"
  integrity sha1-YOOb60H5LDsnrLtQKcsPKfmD7mc=
  dependencies:
    is-empty "0.0.1"
    is-whitespace "^0.3.0"

is-blank@^2.1.0:
  version "2.1.0"
  resolved "https://registry.yarnpkg.com/is-blank/-/is-blank-2.1.0.tgz#69a73d3c0d4f417dfffb207a2795c0f0e576de04"
  integrity sha1-aac9PA1PQX3/+yB6J5XA8OV23gQ=
  dependencies:
    is-empty latest
    is-whitespace latest

is-css-shorthand@^1.0.1:
  version "1.0.1"
  resolved "https://registry.yarnpkg.com/is-css-shorthand/-/is-css-shorthand-1.0.1.tgz#30f95d03210605fedfdd128e53dac4a4437a933c"
  integrity sha1-MPldAyEGBf7f3RKOU9rEpEN6kzw=
  dependencies:
    css-shorthand-properties "^1.0.0"

is-empty@0.0.1:
  version "0.0.1"
  resolved "https://registry.yarnpkg.com/is-empty/-/is-empty-0.0.1.tgz#09fdc3d649dda5969156c0853a9b76bd781c5a33"
  integrity sha1-Cf3D1kndpZaRVsCFOpt2vXgcWjM=

is-empty@latest:
  version "1.2.0"
  resolved "https://registry.yarnpkg.com/is-empty/-/is-empty-1.2.0.tgz#de9bb5b278738a05a0b09a57e1fb4d4a341a9f6b"
  integrity sha1-3pu1snhzigWgsJpX4ftNSjQan2s=

is-present@^1.0.0:
  version "1.0.0"
  resolved "https://registry.yarnpkg.com/is-present/-/is-present-1.0.0.tgz#29c9b8e8e6e786a594c292fc7239aa24be70b80c"
  integrity sha1-Kcm46ObnhqWUwpL8cjmqJL5wuAw=
  dependencies:
    is-blank "1.0.0"

is-vendor-prefixed@^3.3.1:
  version "3.3.1"
  resolved "https://registry.yarnpkg.com/is-vendor-prefixed/-/is-vendor-prefixed-3.3.1.tgz#0746b332b4c651bb20f16fd6aa996e9a87c09673"
  integrity sha512-s/bVQt87pP6gm3OlJm78i11Cw1D8BBmkffVhxwdO/jvtcVYKjYkq7BY85rortwA5smP77+xtz+ooobfr/5Wmxg==
  dependencies:
    vendor-prefixes "1.0.0"

is-whitespace@^0.3.0, is-whitespace@latest:
  version "0.3.0"
  resolved "https://registry.yarnpkg.com/is-whitespace/-/is-whitespace-0.3.0.tgz#1639ecb1be036aec69a54cbb401cfbed7114ab7f"
  integrity sha1-Fjnssb4DauxppUy7QBz77XEUq38=

isarray@^1.0.0:
  version "1.0.0"
  resolved "https://registry.yarnpkg.com/isarray/-/isarray-1.0.0.tgz#bb935d48582cba168c06834957a54a3e07124f11"
  integrity sha1-u5NdSFgsuhaMBoNJV6VKPgcSTxE=

jmespath@0.15.0:
  version "0.15.0"
  resolved "https://registry.yarnpkg.com/jmespath/-/jmespath-0.15.0.tgz#a3f222a9aae9f966f5d27c796510e28091764217"
  integrity sha1-o/Iiqarp+Wb10nx5ZRDigJF2Qhc=

jsesc@~0.5.0:
  version "0.5.0"
  resolved "https://registry.yarnpkg.com/jsesc/-/jsesc-0.5.0.tgz#e7dee66e35d6fc16f710fe91d5cf69f70f08911d"
  integrity sha1-597mbjXW/Bb3EP6R1c9p9w8IkR0=

jsonfile@^6.0.1:
  version "6.0.1"
  resolved "https://registry.yarnpkg.com/jsonfile/-/jsonfile-6.0.1.tgz#98966cba214378c8c84b82e085907b40bf614179"
  integrity sha512-jR2b5v7d2vIOust+w3wtFKZIfpC2pnRmFAhAC/BuweZFQR8qZzxH1OyrQ10HmdVYiXWkYUqPVsz91cG7EL2FBg==
  dependencies:
    universalify "^1.0.0"
  optionalDependencies:
    graceful-fs "^4.1.6"

lodash@^4.17.5:
  version "4.17.19"
  resolved "https://registry.yarnpkg.com/lodash/-/lodash-4.17.19.tgz#e48ddedbe30b3321783c5b4301fbd353bc1e4a4b"
  integrity sha512-JNvd8XER9GQX0v2qJgsaN/mzFCNA5BRe/j8JN9d+tWyGLSodKQHKFicdwNYzWwI3wjRnaKPsGj1XkBjx/F96DQ==

map-obj@^1.0.0:
  version "1.0.1"
  resolved "https://registry.yarnpkg.com/map-obj/-/map-obj-1.0.1.tgz#d933ceb9205d82bdcf4886f6742bdc2b4dea146d"
  integrity sha1-2TPOuSBdgr3PSIb2dCvcK03qFG0=

moment@^2.27.0:
  version "2.27.0"
  resolved "https://registry.yarnpkg.com/moment/-/moment-2.27.0.tgz#8bff4e3e26a236220dfe3e36de756b6ebaa0105d"
  integrity sha512-al0MUK7cpIcglMv3YF13qSgdAIqxHTO7brRtaz3DlSULbqfazqkc5kEjNrLDOM7fsjshoFIihnU8snrP7zUvhQ==

pify@^3.0.0:
  version "3.0.0"
  resolved "https://registry.yarnpkg.com/pify/-/pify-3.0.0.tgz#e5a4acd2c101fdf3d9a4d07f0dbc4db49dd28176"
  integrity sha1-5aSs0sEB/fPZpNB/DbxNtJ3SgXY=

postcss-safe-parser@^3.0.1:
  version "3.0.1"
  resolved "https://registry.yarnpkg.com/postcss-safe-parser/-/postcss-safe-parser-3.0.1.tgz#b753eff6c7c0aea5e8375fbe4cde8bf9063ff142"
  integrity sha1-t1Pv9sfArqXoN1++TN6L+QY/8UI=
  dependencies:
    postcss "^6.0.6"

postcss@^6.0.21, postcss@^6.0.6:
  version "6.0.23"
  resolved "https://registry.yarnpkg.com/postcss/-/postcss-6.0.23.tgz#61c82cc328ac60e677645f979054eb98bc0e3324"
  integrity sha512-soOk1h6J3VMTZtVeVpv15/Hpdl2cBLX3CAw4TAbkpTJiNPk9YP/zWcD1ND+xEtvyuuvKzbxliTOIyvkSeSJ6ag==
  dependencies:
    chalk "^2.4.1"
    source-map "^0.6.1"
    supports-color "^5.4.0"

pseudo-classes@1.0.0:
  version "1.0.0"
  resolved "https://registry.yarnpkg.com/pseudo-classes/-/pseudo-classes-1.0.0.tgz#60a69b67395c36ff119c4d1c86e1981785206b96"
  integrity sha1-YKabZzlcNv8RnE0chuGYF4Uga5Y=

pseudo-elements@1.0.0:
  version "1.0.0"
  resolved "https://registry.yarnpkg.com/pseudo-elements/-/pseudo-elements-1.0.0.tgz#4be60cbcd8499692a1d72cfdd3e5839dabad1618"
  integrity sha1-S+YMvNhJlpKh1yz90+WDnautFhg=

punycode@1.3.2:
  version "1.3.2"
  resolved "https://registry.yarnpkg.com/punycode/-/punycode-1.3.2.tgz#9653a036fb7c1ee42342f2325cceefea3926c48d"
  integrity sha1-llOgNvt8HuQjQvIyXM7v6jkmxI0=

querystring@0.2.0:
  version "0.2.0"
  resolved "https://registry.yarnpkg.com/querystring/-/querystring-0.2.0.tgz#b209849203bb25df820da756e747005878521620"
  integrity sha1-sgmEkgO7Jd+CDadW50cAWHhSFiA=

regenerate-unicode-properties@^8.2.0:
  version "8.2.0"
  resolved "https://registry.yarnpkg.com/regenerate-unicode-properties/-/regenerate-unicode-properties-8.2.0.tgz#e5de7111d655e7ba60c057dbe9ff37c87e65cdec"
  integrity sha512-F9DjY1vKLo/tPePDycuH3dn9H1OTPIkVD9Kz4LODu+F2C75mgjAJ7x/gwy6ZcSNRAAkhNlJSOHRe8k3p+K9WhA==
  dependencies:
    regenerate "^1.4.0"

regenerate@^1.4.0:
  version "1.4.1"
  resolved "https://registry.yarnpkg.com/regenerate/-/regenerate-1.4.1.tgz#cad92ad8e6b591773485fbe05a485caf4f457e6f"
  integrity sha512-j2+C8+NtXQgEKWk49MMP5P/u2GhnahTtVkRIHr5R5lVRlbKvmQ+oS+A5aLKWp2ma5VkT8sh6v+v4hbH0YHR66A==

regexpu-core@^4.6.0:
  version "4.7.0"
  resolved "https://registry.yarnpkg.com/regexpu-core/-/regexpu-core-4.7.0.tgz#fcbf458c50431b0bb7b45d6967b8192d91f3d938"
  integrity sha512-TQ4KXRnIn6tz6tjnrXEkD/sshygKH/j5KzK86X8MkeHyZ8qst/LZ89j3X4/8HEIfHANTFIP/AbXakeRhWIl5YQ==
  dependencies:
    regenerate "^1.4.0"
    regenerate-unicode-properties "^8.2.0"
    regjsgen "^0.5.1"
    regjsparser "^0.6.4"
    unicode-match-property-ecmascript "^1.0.4"
    unicode-match-property-value-ecmascript "^1.2.0"

regjsgen@^0.5.1:
  version "0.5.2"
  resolved "https://registry.yarnpkg.com/regjsgen/-/regjsgen-0.5.2.tgz#92ff295fb1deecbf6ecdab2543d207e91aa33733"
  integrity sha512-OFFT3MfrH90xIW8OOSyUrk6QHD5E9JOTeGodiJeBS3J6IwlgzJMNE/1bZklWz5oTg+9dCMyEetclvCVXOPoN3A==

regjsparser@^0.6.4:
  version "0.6.4"
  resolved "https://registry.yarnpkg.com/regjsparser/-/regjsparser-0.6.4.tgz#a769f8684308401a66e9b529d2436ff4d0666272"
  integrity sha512-64O87/dPDgfk8/RQqC4gkZoGyyWFIEUTTh80CU6CWuK5vkCGyekIx+oKcEIYtP/RAxSQltCZHCNu/mdd7fqlJw==
  dependencies:
    jsesc "~0.5.0"

repeat-element@^1.1.0:
  version "1.1.3"
  resolved "https://registry.yarnpkg.com/repeat-element/-/repeat-element-1.1.3.tgz#782e0d825c0c5a3bb39731f84efee6b742e6b1ce"
  integrity sha512-ahGq0ZnV5m5XtZLMb+vP76kcAM5nkLqk0lpqAuojSKGgQtn4eRi4ZZGm2olo2zKFH+sMsWaqOCW1dqAnOru72g==

rgb-regex@^1.0.1:
  version "1.0.1"
  resolved "https://registry.yarnpkg.com/rgb-regex/-/rgb-regex-1.0.1.tgz#c0e0d6882df0e23be254a475e8edd41915feaeb1"
  integrity sha1-wODWiC3w4jviVKR16O3UGRX+rrE=

rgba-regex@^1.0.0:
  version "1.0.0"
  resolved "https://registry.yarnpkg.com/rgba-regex/-/rgba-regex-1.0.0.tgz#43374e2e2ca0968b0ef1523460b7d730ff22eeb3"
  integrity sha1-QzdOLiyglosO8VI0YLfXMP8i7rM=

sax@1.2.1:
  version "1.2.1"
  resolved "https://registry.yarnpkg.com/sax/-/sax-1.2.1.tgz#7b8e656190b228e81a66aea748480d828cd2d37a"
  integrity sha1-e45lYZCyKOgaZq6nSEgNgozS03o=

sax@>=0.6.0:
  version "1.2.4"
  resolved "https://registry.yarnpkg.com/sax/-/sax-1.2.4.tgz#2816234e2378bddc4e5354fab5caa895df7100d9"
  integrity sha512-NqVDv9TpANUjFm0N8uM5GxL36UgKi9/atZw+x7YFnQ8ckwFGKrl4xX4yWtrey3UJm5nP1kUbnYgLopqWNSRhWw==

source-map@^0.6.1:
  version "0.6.1"
  resolved "https://registry.yarnpkg.com/source-map/-/source-map-0.6.1.tgz#74722af32e9614e9c287a8d0bbde48b5e2f1a263"
  integrity sha512-UjgapumWlbMhkBgzT7Ykc5YXUT46F0iKu8SGXq0bcwP5dz/h0Plj6enJqjz1Zbq2l5WaqYnrVbwWOWMyF3F47g==

specificity@^0.3.2:
  version "0.3.2"
  resolved "https://registry.yarnpkg.com/specificity/-/specificity-0.3.2.tgz#99e6511eceef0f8d9b57924937aac2cb13d13c42"
  integrity sha512-Nc/QN/A425Qog7j9aHmwOrlwX2e7pNI47ciwxwy4jOlvbbMHkNNJchit+FX+UjF3IAdiaaV5BKeWuDUnws6G1A==

supports-color@^5.3.0, supports-color@^5.4.0:
  version "5.5.0"
  resolved "https://registry.yarnpkg.com/supports-color/-/supports-color-5.5.0.tgz#e2e69a44ac8772f78a1ec0b35b689df6530efc8f"
  integrity sha512-QjVjwdXIt408MIiAqCX4oUKsgU2EqAGzs2Ppkm4aQYbjm+ZEWEcW4SfFNTr4uMNZma0ey4f5lgLrkB0aX0QMow==
  dependencies:
    has-flag "^3.0.0"

unicode-canonical-property-names-ecmascript@^1.0.4:
  version "1.0.4"
  resolved "https://registry.yarnpkg.com/unicode-canonical-property-names-ecmascript/-/unicode-canonical-property-names-ecmascript-1.0.4.tgz#2619800c4c825800efdd8343af7dd9933cbe2818"
  integrity sha512-jDrNnXWHd4oHiTZnx/ZG7gtUTVp+gCcTTKr8L0HjlwphROEW3+Him+IpvC+xcJEFegapiMZyZe02CyuOnRmbnQ==

unicode-match-property-ecmascript@^1.0.4:
  version "1.0.4"
  resolved "https://registry.yarnpkg.com/unicode-match-property-ecmascript/-/unicode-match-property-ecmascript-1.0.4.tgz#8ed2a32569961bce9227d09cd3ffbb8fed5f020c"
  integrity sha512-L4Qoh15vTfntsn4P1zqnHulG0LdXgjSO035fEpdtp6YxXhMT51Q6vgM5lYdG/5X3MjS+k/Y9Xw4SFCY9IkR0rg==
  dependencies:
    unicode-canonical-property-names-ecmascript "^1.0.4"
    unicode-property-aliases-ecmascript "^1.0.4"

unicode-match-property-value-ecmascript@^1.2.0:
  version "1.2.0"
  resolved "https://registry.yarnpkg.com/unicode-match-property-value-ecmascript/-/unicode-match-property-value-ecmascript-1.2.0.tgz#0d91f600eeeb3096aa962b1d6fc88876e64ea531"
  integrity sha512-wjuQHGQVofmSJv1uVISKLE5zO2rNGzM/KCYZch/QQvez7C1hUhBIuZ701fYXExuufJFMPhv2SyL8CyoIfMLbIQ==

unicode-property-aliases-ecmascript@^1.0.4:
  version "1.1.0"
  resolved "https://registry.yarnpkg.com/unicode-property-aliases-ecmascript/-/unicode-property-aliases-ecmascript-1.1.0.tgz#dd57a99f6207bedff4628abefb94c50db941c8f4"
  integrity sha512-PqSoPh/pWetQ2phoj5RLiaqIk4kCNwoV3CI+LfGmWLKI3rE3kl1h59XpX2BjgDrmbxD9ARtQobPGU1SguCYuQg==

universalify@^1.0.0:
  version "1.0.0"
  resolved "https://registry.yarnpkg.com/universalify/-/universalify-1.0.0.tgz#b61a1da173e8435b2fe3c67d29b9adf8594bd16d"
  integrity sha512-rb6X1W158d7pRQBg5gkR8uPaSfiids68LTJQYOtEUhoJUWBdaQHsuT/EUduxXYxcrt4r5PJ4fuHW1MHT6p0qug==

url@0.10.3:
  version "0.10.3"
  resolved "https://registry.yarnpkg.com/url/-/url-0.10.3.tgz#021e4d9c7705f21bbf37d03ceb58767402774c64"
  integrity sha1-Ah5NnHcF8hu/N9A861h2dAJ3TGQ=
  dependencies:
    punycode "1.3.2"
    querystring "0.2.0"

uuid@3.3.2:
  version "3.3.2"
  resolved "https://registry.yarnpkg.com/uuid/-/uuid-3.3.2.tgz#1b4af4955eb3077c501c23872fc6513811587131"
  integrity sha512-yXJmeNaw3DnnKAOKJE51sL/ZaYfWJRl1pK9dr19YFCu0ObS231AB1/LbqTKRAQ5kw8A90rA6fr4riOUpTZvQZA==

vendor-prefixes@1.0.0:
  version "1.0.0"
  resolved "https://registry.yarnpkg.com/vendor-prefixes/-/vendor-prefixes-1.0.0.tgz#1c7b92ece46e2f1a06c5a907613f5d50045df531"
  integrity sha1-HHuS7ORuLxoGxakHYT9dUARd9TE=

xml2js@0.4.19:
  version "0.4.19"
  resolved "https://registry.yarnpkg.com/xml2js/-/xml2js-0.4.19.tgz#686c20f213209e94abf0d1bcf1efaa291c7827a7"
  integrity sha512-esZnJZJOiJR9wWKMyuvSE1y6Dq5LCuJanqhxslH2bxM6duahNZ+HMpCLhBQGZkbX6xRf8x1Y2eJlgt2q3qo49Q==
  dependencies:
    sax ">=0.6.0"
    xmlbuilder "~9.0.1"

xmlbuilder@~9.0.1:
  version "9.0.7"
  resolved "https://registry.yarnpkg.com/xmlbuilder/-/xmlbuilder-9.0.7.tgz#132ee63d2ec5565c557e20f4c22df9aca686b10d"
  integrity sha1-Ey7mPS7FVlxVfiD0wi35rKaGsQ0=

xtend@^4.0.0:
  version "4.0.2"
  resolved "https://registry.yarnpkg.com/xtend/-/xtend-4.0.2.tgz#bb72779f5fa465186b1f438f674fa347fdb5db54"
  integrity sha512-LKYU1iAXJXUgAXn9URjiu+MWhyUXHsvfp7mcuYm9dSUKK0/CjtrUwFAxD82/mCWbtLsGjFIad0wIsod4zrTAEQ==
